{
  "object": {
    "pins": [
      {
        "package": "Kingfisher",
        "repositoryURL": "https://github.com/onevcat/Kingfisher",
        "state": {
          "branch": null,
          "revision": "0c02c46cfdc0656ce74fd0963a75e5000a0b7f23",
          "version": "7.1.2"
        }
      },
      {
        "package": "LookingGlassUI",
        "repositoryURL": "https://github.com/ryanlintott/LookingGlassUI",
        "state": {
          "branch": null,
          "revision": "1c47207f964ab5444f83c514ed1c35865324f3e4",
          "version": "0.1.9"
        }
      },
      {
        "package": "FirebladeMath",
        "repositoryURL": "https://github.com/fireblade-engine/math.git",
        "state": {
          "branch": null,
          "revision": "65aa6b5045d8dd59bc8512b87ab4ec25a18dd82d",
          "version": "0.11.0"
        }
      }
    ]
  },
  "version": 1
}
